Microsoft Visual Studio Solution File, Format Version 11.00
# Visual Studio 2008

Project("{4BD84BF6-6430-95C4-A185-4031AF8F8292}") = "TestSavePoint", "Assembly-CSharp-firstpass.csproj", "{A953B521-7363-593A-71C3-06767F78845F}"
EndProject
Project("{4BD84BF6-6430-95C4-A185-4031AF8F8292}") = "TestSavePoint", "Assembly-CSharp.csproj", "{8E755ED4-67AA-8847-FE6D-5B455BA82936}"
EndProject
Project("{4BD84BF6-6430-95C4-A185-4031AF8F8292}") = "TestSavePoint", "Assembly-UnityScript-firstpass.unityproj", "{638961C0-9FBF-A47C-CDB9-D19057D7EFE8}"
EndProject
Project("{4BD84BF6-6430-95C4-A185-4031AF8F8292}") = "TestSavePoint", "Assembly-UnityScript.unityproj", "{A62C0C76-0F23-18AA-7B6E-D269E7E4CEB6}"
EndProject
Global
	GlobalSection(SolutionConfigurationPlatforms) = preSolution
		Debug|Any CPU = Debug|Any CPU
		Release|Any CPU = Release|Any CPU
	EndGlobalSection
	GlobalSection(ProjectConfigurationPlatforms) = postSolution
		{A953B521-7363-593A-71C3-06767F78845F}.Debug|Any CPU.ActiveCfg = Debug|Any CPU
		{A953B521-7363-593A-71C3-06767F78845F}.Debug|Any CPU.Build.0 = Debug|Any CPU
		{A953B521-7363-593A-71C3-06767F78845F}.Release|Any CPU.ActiveCfg = Release|Any CPU
		{A953B521-7363-593A-71C3-06767F78845F}.Release|Any CPU.Build.0 = Release|Any CPU
		{8E755ED4-67AA-8847-FE6D-5B455BA82936}.Debug|Any CPU.ActiveCfg = Debug|Any CPU
		{8E755ED4-67AA-8847-FE6D-5B455BA82936}.Debug|Any CPU.Build.0 = Debug|Any CPU
		{8E755ED4-67AA-8847-FE6D-5B455BA82936}.Release|Any CPU.ActiveCfg = Release|Any CPU
		{8E755ED4-67AA-8847-FE6D-5B455BA82936}.Release|Any CPU.Build.0 = Release|Any CPU
		{638961C0-9FBF-A47C-CDB9-D19057D7EFE8}.Debug|Any CPU.ActiveCfg = Debug|Any CPU
		{638961C0-9FBF-A47C-CDB9-D19057D7EFE8}.Debug|Any CPU.Build.0 = Debug|Any CPU
		{638961C0-9FBF-A47C-CDB9-D19057D7EFE8}.Release|Any CPU.ActiveCfg = Release|Any CPU
		{638961C0-9FBF-A47C-CDB9-D19057D7EFE8}.Release|Any CPU.Build.0 = Release|Any CPU
		{A62C0C76-0F23-18AA-7B6E-D269E7E4CEB6}.Debug|Any CPU.ActiveCfg = Debug|Any CPU
		{A62C0C76-0F23-18AA-7B6E-D269E7E4CEB6}.Debug|Any CPU.Build.0 = Debug|Any CPU
		{A62C0C76-0F23-18AA-7B6E-D269E7E4CEB6}.Release|Any CPU.ActiveCfg = Release|Any CPU
		{A62C0C76-0F23-18AA-7B6E-D269E7E4CEB6}.Release|Any CPU.Build.0 = Release|Any CPU
	EndGlobalSection
	GlobalSection(SolutionProperties) = preSolution
		HideSolutionNode = FALSE
	EndGlobalSection
		GlobalSection(MonoDevelopProperties) = preSolution
		StartupItem = Assembly-CSharp.csproj
		Policies = $0
		$0.TextStylePolicy = $1
		$1.inheritsSet = null
		$1.scope = text/x-csharp
		$0.CSharpFormattingPolicy = $2
		$2.inheritsSet = Mono
		$2.inheritsScope = text/x-csharp
		$2.scope = text/x-csharp
		$0.TextStylePolicy = $3
		$3.FileWidth = 120
		$3.TabWidth = 4
		$3.EolMarker = Unix
		$3.inheritsSet = Mono
		$3.inheritsScope = text/plain
		$3.scope = text/plain
	EndGlobalSection

EndGlobal
